{
  "name": "untitled37",
  "lockfileVersion": 2,
  "requires": true,
  "packages": {
    "": {
      "dependencies": {
        "ts-map": "^1.0.3"
      }
    },
    "node_modules/ts-map": {
      "version": "1.0.3",
      "resolved": "https://registry.npmjs.org/ts-map/-/ts-map-1.0.3.tgz",
      "integrity": "sha512-vDWbsl26LIcPGmDpoVzjEP6+hvHZkBkLW7JpvwbCv/5IYPJlsbzCVXY3wsCeAxAUeTclNOUZxnLdGh3VBD/J6w=="
    }
  },
  "dependencies": {
    "ts-map": {
      "version": "1.0.3",
      "resolved": "https://registry.npmjs.org/ts-map/-/ts-map-1.0.3.tgz",
      "integrity": "sha512-vDWbsl26LIcPGmDpoVzjEP6+hvHZkBkLW7JpvwbCv/5IYPJlsbzCVXY3wsCeAxAUeTclNOUZxnLdGh3VBD/J6w=="
    }
  }
}
